
Microsoft Visual Studio Solution File, Format Version 12.00
# Visual Studio Version 16
VisualStudioVersion = 16.0.32002.261
MinimumVisualStudioVersion = 10.0.40219.1
Project("{FAE04EC0-301F-11D3-BF4B-00C04F79EFBC}") = "WebAPI", "RestaurantDemo\WebAPI.csproj", "{852A0159-5E14-45B4-8C48-22FCADF951C0}"
EndProject
Project("{FAE04EC0-301F-11D3-BF4B-00C04F79EFBC}") = "Domain", "Domain\Domain.csproj", "{E59ABE06-6481-47A9-B90D-0229700582D8}"
EndProject
Project("{FAE04EC0-301F-11D3-BF4B-00C04F79EFBC}") = "Repository", "Repository\Repository.csproj", "{723A2542-7CD8-41A9-B6C9-60E60CA955C6}"
EndProject
Project("{FAE04EC0-301F-11D3-BF4B-00C04F79EFBC}") = "Service", "Service\Service.csproj", "{AC7149C5-AD9A-4F0F-82A1-C57C321FED33}"
EndProject
Global
	GlobalSection(SolutionConfigurationPlatforms) = preSolution
		Debug|Any CPU = Debug|Any CPU
		Release|Any CPU = Release|Any CPU
	EndGlobalSection
	GlobalSection(ProjectConfigurationPlatforms) = postSolution
		{852A0159-5E14-45B4-8C48-22FCADF951C0}.Debug|Any CPU.ActiveCfg = Debug|Any CPU
		{852A0159-5E14-45B4-8C48-22FCADF951C0}.Debug|Any CPU.Build.0 = Debug|Any CPU
		{852A0159-5E14-45B4-8C48-22FCADF951C0}.Release|Any CPU.ActiveCfg = Release|Any CPU
		{852A0159-5E14-45B4-8C48-22FCADF951C0}.Release|Any CPU.Build.0 = Release|Any CPU
		{E59ABE06-6481-47A9-B90D-0229700582D8}.Debug|Any CPU.ActiveCfg = Debug|Any CPU
		{E59ABE06-6481-47A9-B90D-0229700582D8}.Debug|Any CPU.Build.0 = Debug|Any CPU
		{E59ABE06-6481-47A9-B90D-0229700582D8}.Release|Any CPU.ActiveCfg = Release|Any CPU
		{E59ABE06-6481-47A9-B90D-0229700582D8}.Release|Any CPU.Build.0 = Release|Any CPU
		{723A2542-7CD8-41A9-B6C9-60E60CA955C6}.Debug|Any CPU.ActiveCfg = Debug|Any CPU
		{723A2542-7CD8-41A9-B6C9-60E60CA955C6}.Debug|Any CPU.Build.0 = Debug|Any CPU
		{723A2542-7CD8-41A9-B6C9-60E60CA955C6}.Release|Any CPU.ActiveCfg = Release|Any CPU
		{723A2542-7CD8-41A9-B6C9-60E60CA955C6}.Release|Any CPU.Build.0 = Release|Any CPU
		{AC7149C5-AD9A-4F0F-82A1-C57C321FED33}.Debug|Any CPU.ActiveCfg = Debug|Any CPU
		{AC7149C5-AD9A-4F0F-82A1-C57C321FED33}.Debug|Any CPU.Build.0 = Debug|Any CPU
		{AC7149C5-AD9A-4F0F-82A1-C57C321FED33}.Release|Any CPU.ActiveCfg = Release|Any CPU
		{AC7149C5-AD9A-4F0F-82A1-C57C321FED33}.Release|Any CPU.Build.0 = Release|Any CPU
	EndGlobalSection
	GlobalSection(SolutionProperties) = preSolution
		HideSolutionNode = FALSE
	EndGlobalSection
	GlobalSection(ExtensibilityGlobals) = postSolution
		SolutionGuid = {430134D3-B71D-4791-BAF4-295A362D0DA9}
	EndGlobalSection
EndGlobal
